
Microsoft Visual Studio Solution File, Format Version 12.00
# Visual Studio 15
VisualStudioVersion = 15.0.26124.0
MinimumVisualStudioVersion = 15.0.26124.0
Project("{FAE04EC0-301F-11D3-BF4B-00C04F79EFBC}") = "AuthN", "AuthN\AuthN.csproj", "{D231C32D-4779-4E9A-ADF4-D923C3BB41E2}"
EndProject
Project("{FAE04EC0-301F-11D3-BF4B-00C04F79EFBC}") = "AuthN.Nfx", "AuthN.Nfx\AuthN.Nfx.csproj", "{9BB87978-BFFF-423E-B019-734ADC5DB67C}"
EndProject
Project("{FAE04EC0-301F-11D3-BF4B-00C04F79EFBC}") = "FederationDemo", "FederationDemo\FederationDemo.csproj", "{6404D5AD-97C7-4B82-BCB0-E1D95260BEFE}"
EndProject
Global
	GlobalSection(SolutionConfigurationPlatforms) = preSolution
		Debug|Any CPU = Debug|Any CPU
		Debug|x64 = Debug|x64
		Debug|x86 = Debug|x86
		Release|Any CPU = Release|Any CPU
		Release|x64 = Release|x64
		Release|x86 = Release|x86
	EndGlobalSection
	GlobalSection(SolutionProperties) = preSolution
		HideSolutionNode = FALSE
	EndGlobalSection
	GlobalSection(ProjectConfigurationPlatforms) = postSolution
		{D231C32D-4779-4E9A-ADF4-D923C3BB41E2}.Debug|Any CPU.ActiveCfg = Debug|Any CPU
		{D231C32D-4779-4E9A-ADF4-D923C3BB41E2}.Debug|Any CPU.Build.0 = Debug|Any CPU
		{D231C32D-4779-4E9A-ADF4-D923C3BB41E2}.Debug|x64.ActiveCfg = Debug|x64
		{D231C32D-4779-4E9A-ADF4-D923C3BB41E2}.Debug|x64.Build.0 = Debug|x64
		{D231C32D-4779-4E9A-ADF4-D923C3BB41E2}.Debug|x86.ActiveCfg = Debug|x86
		{D231C32D-4779-4E9A-ADF4-D923C3BB41E2}.Debug|x86.Build.0 = Debug|x86
		{D231C32D-4779-4E9A-ADF4-D923C3BB41E2}.Release|Any CPU.ActiveCfg = Release|Any CPU
		{D231C32D-4779-4E9A-ADF4-D923C3BB41E2}.Release|Any CPU.Build.0 = Release|Any CPU
		{D231C32D-4779-4E9A-ADF4-D923C3BB41E2}.Release|x64.ActiveCfg = Release|x64
		{D231C32D-4779-4E9A-ADF4-D923C3BB41E2}.Release|x64.Build.0 = Release|x64
		{D231C32D-4779-4E9A-ADF4-D923C3BB41E2}.Release|x86.ActiveCfg = Release|x86
		{D231C32D-4779-4E9A-ADF4-D923C3BB41E2}.Release|x86.Build.0 = Release|x86
		{9BB87978-BFFF-423E-B019-734ADC5DB67C}.Debug|Any CPU.ActiveCfg = Debug|Any CPU
		{9BB87978-BFFF-423E-B019-734ADC5DB67C}.Debug|Any CPU.Build.0 = Debug|Any CPU
		{9BB87978-BFFF-423E-B019-734ADC5DB67C}.Debug|x64.ActiveCfg = Debug|Any CPU
		{9BB87978-BFFF-423E-B019-734ADC5DB67C}.Debug|x64.Build.0 = Debug|Any CPU
		{9BB87978-BFFF-423E-B019-734ADC5DB67C}.Debug|x86.ActiveCfg = Debug|Any CPU
		{9BB87978-BFFF-423E-B019-734ADC5DB67C}.Debug|x86.Build.0 = Debug|Any CPU
		{9BB87978-BFFF-423E-B019-734ADC5DB67C}.Release|Any CPU.ActiveCfg = Release|Any CPU
		{9BB87978-BFFF-423E-B019-734ADC5DB67C}.Release|Any CPU.Build.0 = Release|Any CPU
		{9BB87978-BFFF-423E-B019-734ADC5DB67C}.Release|x64.ActiveCfg = Release|Any CPU
		{9BB87978-BFFF-423E-B019-734ADC5DB67C}.Release|x64.Build.0 = Release|Any CPU
		{9BB87978-BFFF-423E-B019-734ADC5DB67C}.Release|x86.ActiveCfg = Release|Any CPU
		{9BB87978-BFFF-423E-B019-734ADC5DB67C}.Release|x86.Build.0 = Release|Any CPU
		{6404D5AD-97C7-4B82-BCB0-E1D95260BEFE}.Debug|Any CPU.ActiveCfg = Debug|Any CPU
		{6404D5AD-97C7-4B82-BCB0-E1D95260BEFE}.Debug|Any CPU.Build.0 = Debug|Any CPU
		{6404D5AD-97C7-4B82-BCB0-E1D95260BEFE}.Debug|x64.ActiveCfg = Debug|Any CPU
		{6404D5AD-97C7-4B82-BCB0-E1D95260BEFE}.Debug|x64.Build.0 = Debug|Any CPU
		{6404D5AD-97C7-4B82-BCB0-E1D95260BEFE}.Debug|x86.ActiveCfg = Debug|Any CPU
		{6404D5AD-97C7-4B82-BCB0-E1D95260BEFE}.Debug|x86.Build.0 = Debug|Any CPU
		{6404D5AD-97C7-4B82-BCB0-E1D95260BEFE}.Release|Any CPU.ActiveCfg = Release|Any CPU
		{6404D5AD-97C7-4B82-BCB0-E1D95260BEFE}.Release|Any CPU.Build.0 = Release|Any CPU
		{6404D5AD-97C7-4B82-BCB0-E1D95260BEFE}.Release|x64.ActiveCfg = Release|Any CPU
		{6404D5AD-97C7-4B82-BCB0-E1D95260BEFE}.Release|x64.Build.0 = Release|Any CPU
		{6404D5AD-97C7-4B82-BCB0-E1D95260BEFE}.Release|x86.ActiveCfg = Release|Any CPU
		{6404D5AD-97C7-4B82-BCB0-E1D95260BEFE}.Release|x86.Build.0 = Release|Any CPU
	EndGlobalSection
EndGlobal
